
Microsoft Visual Studio Solution File, Format Version 12.00
# Visual Studio 15
VisualStudioVersion = 15.0.27130.0
MinimumVisualStudioVersion = 10.0.40219.1
Project("{FAE04EC0-301F-11D3-BF4B-00C04F79EFBC}") = "Numbers-One-to-N-With-Step", "Numbers-One-to-N-With-Step\Numbers-One-to-N-With-Step.csproj", "{206F42F2-111A-4203-9D13-98407C776B70}"
EndProject
Project("{FAE04EC0-301F-11D3-BF4B-00C04F79EFBC}") = "Numbers-N-to-One", "Numbers-N-to-One\Numbers-N-to-One.csproj", "{3A53BDBB-D34E-4E2E-A05F-3C777327B0FB}"
EndProject
Project("{FAE04EC0-301F-11D3-BF4B-00C04F79EFBC}") = "Powers-of-Two", "Powers-of-Two\Powers-of-Two.csproj", "{1387958A-FB46-4EBE-A804-A1A5FE113C6C}"
EndProject
Project("{FAE04EC0-301F-11D3-BF4B-00C04F79EFBC}") = "Even-Powers-of-Two", "Even-Powers-of-Two\Even-Powers-of-Two.csproj", "{2FD96663-56E4-4EB6-873F-4B6D6D6A53D3}"
EndProject
Project("{FAE04EC0-301F-11D3-BF4B-00C04F79EFBC}") = "Sequence-TwoK-Plus-One", "Sequence-TwoK-Plus-One\Sequence-TwoK-Plus-One.csproj", "{B91D85F6-BB40-4146-9F1D-1C28E8A0F48C}"
EndProject
Project("{FAE04EC0-301F-11D3-BF4B-00C04F79EFBC}") = "Number-in-Range-One-OneHundred", "Number-in-Range-One-OneHundred\Number-in-Range-One-OneHundred.csproj", "{D374CD94-F422-46BE-B7C2-A5BE9DA610BD}"
EndProject
Project("{FAE04EC0-301F-11D3-BF4B-00C04F79EFBC}") = "Greatest-Common-Divisor", "Greatest-Common-Divisor\Greatest-Common-Divisor.csproj", "{6B7F5D46-3CE3-4E71-8DD8-92DB24BAE5F9}"
EndProject
Project("{FAE04EC0-301F-11D3-BF4B-00C04F79EFBC}") = "Factorial", "Factorial\Factorial.csproj", "{FC42B3D6-DE72-4DF7-9C25-B37137FF4889}"
EndProject
Project("{FAE04EC0-301F-11D3-BF4B-00C04F79EFBC}") = "Sum-Digits", "Sum-Digits\Sum-Digits.csproj", "{81FB29B5-F1B6-4F17-8E14-0EE4FC7167B3}"
EndProject
Project("{FAE04EC0-301F-11D3-BF4B-00C04F79EFBC}") = "Check-Prime", "Check-Prime\Check-Prime.csproj", "{A85C1CEF-A5EB-4EEC-8772-924CE3B17FD5}"
EndProject
Project("{FAE04EC0-301F-11D3-BF4B-00C04F79EFBC}") = "Enter-Even-Number", "Enter-Even-Number\Enter-Even-Number.csproj", "{CF5153A3-E14E-4409-9A91-0C848B2110A3}"
EndProject
Project("{FAE04EC0-301F-11D3-BF4B-00C04F79EFBC}") = "Break-Sum", "Break-Sum\Break-Sum.csproj", "{1BC1FBC3-07F9-4922-AF3F-013FD85722D0}"
EndProject
Project("{FAE04EC0-301F-11D3-BF4B-00C04F79EFBC}") = "Enter-Even-Number-with-Text-Input", "Enter-Even-Number-with-Text-Input\Enter-Even-Number-with-Text-Input.csproj", "{F295C393-57A2-4FE6-A5BD-F82DBCD48093}"
EndProject
Project("{FAE04EC0-301F-11D3-BF4B-00C04F79EFBC}") = "Fibonacci", "Fibonacci\Fibonacci.csproj", "{4DDE1CBF-13DE-43E5-92F1-51E84738952C}"
EndProject
Project("{FAE04EC0-301F-11D3-BF4B-00C04F79EFBC}") = "Number-Pyramid", "Number-Pyramid\Number-Pyramid.csproj", "{0F4D641C-C3C9-4B91-947D-844AB5DD0346}"
EndProject
Project("{FAE04EC0-301F-11D3-BF4B-00C04F79EFBC}") = "Number-Table", "Number_table\Number-Table.csproj", "{B7B47F16-C54E-4518-A4D7-F3F36AC9503E}"
EndProject
Project("{FAE04EC0-301F-11D3-BF4B-00C04F79EFBC}") = "Fruits-Web-game", "WebApplication1\Fruits-Web-game.csproj", "{397988BC-AC2A-48A7-8694-4D5C5114C591}"
EndProject
Project("{FAE04EC0-301F-11D3-BF4B-00C04F79EFBC}") = "Stupid-Password-Generator", "Stupid-Password-Generator\Stupid-Password-Generator.csproj", "{D74AA3AE-B80E-4DBF-B186-382A5A2E3B12}"
EndProject
Project("{FAE04EC0-301F-11D3-BF4B-00C04F79EFBC}") = "Magic-Combination", "Magic-Combination\Magic-Combination.csproj", "{E79284BA-D6EF-4D6D-AC85-11699C852363}"
EndProject
Project("{FAE04EC0-301F-11D3-BF4B-00C04F79EFBC}") = "Stop-Number", "Stop-Number\Stop-Number.csproj", "{31EF1955-B32C-4E4D-B918-4D931F62AA44}"
EndProject
Project("{FAE04EC0-301F-11D3-BF4B-00C04F79EFBC}") = "Special-Numbers", "Special-Numbers\Special-Numbers.csproj", "{CD23D314-1409-409A-8A14-183D27B47154}"
EndProject
Project("{FAE04EC0-301F-11D3-BF4B-00C04F79EFBC}") = "Digits", "Digits\Digits.csproj", "{21A0DEB0-EB0F-451B-977C-4A399075FF92}"
EndProject
Global
	GlobalSection(SolutionConfigurationPlatforms) = preSolution
		Debug|Any CPU = Debug|Any CPU
		Release|Any CPU = Release|Any CPU
	EndGlobalSection
	GlobalSection(ProjectConfigurationPlatforms) = postSolution
		{206F42F2-111A-4203-9D13-98407C776B70}.Debug|Any CPU.ActiveCfg = Debug|Any CPU
		{206F42F2-111A-4203-9D13-98407C776B70}.Debug|Any CPU.Build.0 = Debug|Any CPU
		{206F42F2-111A-4203-9D13-98407C776B70}.Release|Any CPU.ActiveCfg = Release|Any CPU
		{206F42F2-111A-4203-9D13-98407C776B70}.Release|Any CPU.Build.0 = Release|Any CPU
		{3A53BDBB-D34E-4E2E-A05F-3C777327B0FB}.Debug|Any CPU.ActiveCfg = Debug|Any CPU
		{3A53BDBB-D34E-4E2E-A05F-3C777327B0FB}.Debug|Any CPU.Build.0 = Debug|Any CPU
		{3A53BDBB-D34E-4E2E-A05F-3C777327B0FB}.Release|Any CPU.ActiveCfg = Release|Any CPU
		{3A53BDBB-D34E-4E2E-A05F-3C777327B0FB}.Release|Any CPU.Build.0 = Release|Any CPU
		{1387958A-FB46-4EBE-A804-A1A5FE113C6C}.Debug|Any CPU.ActiveCfg = Debug|Any CPU
		{1387958A-FB46-4EBE-A804-A1A5FE113C6C}.Debug|Any CPU.Build.0 = Debug|Any CPU
		{1387958A-FB46-4EBE-A804-A1A5FE113C6C}.Release|Any CPU.ActiveCfg = Release|Any CPU
		{1387958A-FB46-4EBE-A804-A1A5FE113C6C}.Release|Any CPU.Build.0 = Release|Any CPU
		{2FD96663-56E4-4EB6-873F-4B6D6D6A53D3}.Debug|Any CPU.ActiveCfg = Debug|Any CPU
		{2FD96663-56E4-4EB6-873F-4B6D6D6A53D3}.Debug|Any CPU.Build.0 = Debug|Any CPU
		{2FD96663-56E4-4EB6-873F-4B6D6D6A53D3}.Release|Any CPU.ActiveCfg = Release|Any CPU
		{2FD96663-56E4-4EB6-873F-4B6D6D6A53D3}.Release|Any CPU.Build.0 = Release|Any CPU
		{B91D85F6-BB40-4146-9F1D-1C28E8A0F48C}.Debug|Any CPU.ActiveCfg = Debug|Any CPU
		{B91D85F6-BB40-4146-9F1D-1C28E8A0F48C}.Debug|Any CPU.Build.0 = Debug|Any CPU
		{B91D85F6-BB40-4146-9F1D-1C28E8A0F48C}.Release|Any CPU.ActiveCfg = Release|Any CPU
		{B91D85F6-BB40-4146-9F1D-1C28E8A0F48C}.Release|Any CPU.Build.0 = Release|Any CPU
		{D374CD94-F422-46BE-B7C2-A5BE9DA610BD}.Debug|Any CPU.ActiveCfg = Debug|Any CPU
		{D374CD94-F422-46BE-B7C2-A5BE9DA610BD}.Debug|Any CPU.Build.0 = Debug|Any CPU
		{D374CD94-F422-46BE-B7C2-A5BE9DA610BD}.Release|Any CPU.ActiveCfg = Release|Any CPU
		{D374CD94-F422-46BE-B7C2-A5BE9DA610BD}.Release|Any CPU.Build.0 = Release|Any CPU
		{6B7F5D46-3CE3-4E71-8DD8-92DB24BAE5F9}.Debug|Any CPU.ActiveCfg = Debug|Any CPU
		{6B7F5D46-3CE3-4E71-8DD8-92DB24BAE5F9}.Debug|Any CPU.Build.0 = Debug|Any CPU
		{6B7F5D46-3CE3-4E71-8DD8-92DB24BAE5F9}.Release|Any CPU.ActiveCfg = Release|Any CPU
		{6B7F5D46-3CE3-4E71-8DD8-92DB24BAE5F9}.Release|Any CPU.Build.0 = Release|Any CPU
		{FC42B3D6-DE72-4DF7-9C25-B37137FF4889}.Debug|Any CPU.ActiveCfg = Debug|Any CPU
		{FC42B3D6-DE72-4DF7-9C25-B37137FF4889}.Debug|Any CPU.Build.0 = Debug|Any CPU
		{FC42B3D6-DE72-4DF7-9C25-B37137FF4889}.Release|Any CPU.ActiveCfg = Release|Any CPU
		{FC42B3D6-DE72-4DF7-9C25-B37137FF4889}.Release|Any CPU.Build.0 = Release|Any CPU
		{81FB29B5-F1B6-4F17-8E14-0EE4FC7167B3}.Debug|Any CPU.ActiveCfg = Debug|Any CPU
		{81FB29B5-F1B6-4F17-8E14-0EE4FC7167B3}.Debug|Any CPU.Build.0 = Debug|Any CPU
		{81FB29B5-F1B6-4F17-8E14-0EE4FC7167B3}.Release|Any CPU.ActiveCfg = Release|Any CPU
		{81FB29B5-F1B6-4F17-8E14-0EE4FC7167B3}.Release|Any CPU.Build.0 = Release|Any CPU
		{A85C1CEF-A5EB-4EEC-8772-924CE3B17FD5}.Debug|Any CPU.ActiveCfg = Debug|Any CPU
		{A85C1CEF-A5EB-4EEC-8772-924CE3B17FD5}.Debug|Any CPU.Build.0 = Debug|Any CPU
		{A85C1CEF-A5EB-4EEC-8772-924CE3B17FD5}.Release|Any CPU.ActiveCfg = Release|Any CPU
		{A85C1CEF-A5EB-4EEC-8772-924CE3B17FD5}.Release|Any CPU.Build.0 = Release|Any CPU
		{CF5153A3-E14E-4409-9A91-0C848B2110A3}.Debug|Any CPU.ActiveCfg = Debug|Any CPU
		{CF5153A3-E14E-4409-9A91-0C848B2110A3}.Debug|Any CPU.Build.0 = Debug|Any CPU
		{CF5153A3-E14E-4409-9A91-0C848B2110A3}.Release|Any CPU.ActiveCfg = Release|Any CPU
		{CF5153A3-E14E-4409-9A91-0C848B2110A3}.Release|Any CPU.Build.0 = Release|Any CPU
		{1BC1FBC3-07F9-4922-AF3F-013FD85722D0}.Debug|Any CPU.ActiveCfg = Debug|Any CPU
		{1BC1FBC3-07F9-4922-AF3F-013FD85722D0}.Debug|Any CPU.Build.0 = Debug|Any CPU
		{1BC1FBC3-07F9-4922-AF3F-013FD85722D0}.Release|Any CPU.ActiveCfg = Release|Any CPU
		{1BC1FBC3-07F9-4922-AF3F-013FD85722D0}.Release|Any CPU.Build.0 = Release|Any CPU
		{F295C393-57A2-4FE6-A5BD-F82DBCD48093}.Debug|Any CPU.ActiveCfg = Debug|Any CPU
		{F295C393-57A2-4FE6-A5BD-F82DBCD48093}.Debug|Any CPU.Build.0 = Debug|Any CPU
		{F295C393-57A2-4FE6-A5BD-F82DBCD48093}.Release|Any CPU.ActiveCfg = Release|Any CPU
		{F295C393-57A2-4FE6-A5BD-F82DBCD48093}.Release|Any CPU.Build.0 = Release|Any CPU
		{4DDE1CBF-13DE-43E5-92F1-51E84738952C}.Debug|Any CPU.ActiveCfg = Debug|Any CPU
		{4DDE1CBF-13DE-43E5-92F1-51E84738952C}.Debug|Any CPU.Build.0 = Debug|Any CPU
		{4DDE1CBF-13DE-43E5-92F1-51E84738952C}.Release|Any CPU.ActiveCfg = Release|Any CPU
		{4DDE1CBF-13DE-43E5-92F1-51E84738952C}.Release|Any CPU.Build.0 = Release|Any CPU
		{0F4D641C-C3C9-4B91-947D-844AB5DD0346}.Debug|Any CPU.ActiveCfg = Debug|Any CPU
		{0F4D641C-C3C9-4B91-947D-844AB5DD0346}.Debug|Any CPU.Build.0 = Debug|Any CPU
		{0F4D641C-C3C9-4B91-947D-844AB5DD0346}.Release|Any CPU.ActiveCfg = Release|Any CPU
		{0F4D641C-C3C9-4B91-947D-844AB5DD0346}.Release|Any CPU.Build.0 = Release|Any CPU
		{B7B47F16-C54E-4518-A4D7-F3F36AC9503E}.Debug|Any CPU.ActiveCfg = Debug|Any CPU
		{B7B47F16-C54E-4518-A4D7-F3F36AC9503E}.Debug|Any CPU.Build.0 = Debug|Any CPU
		{B7B47F16-C54E-4518-A4D7-F3F36AC9503E}.Release|Any CPU.ActiveCfg = Release|Any CPU
		{B7B47F16-C54E-4518-A4D7-F3F36AC9503E}.Release|Any CPU.Build.0 = Release|Any CPU
		{397988BC-AC2A-48A7-8694-4D5C5114C591}.Debug|Any CPU.ActiveCfg = Debug|Any CPU
		{397988BC-AC2A-48A7-8694-4D5C5114C591}.Debug|Any CPU.Build.0 = Debug|Any CPU
		{397988BC-AC2A-48A7-8694-4D5C5114C591}.Release|Any CPU.ActiveCfg = Release|Any CPU
		{397988BC-AC2A-48A7-8694-4D5C5114C591}.Release|Any CPU.Build.0 = Release|Any CPU
		{D74AA3AE-B80E-4DBF-B186-382A5A2E3B12}.Debug|Any CPU.ActiveCfg = Debug|Any CPU
		{D74AA3AE-B80E-4DBF-B186-382A5A2E3B12}.Debug|Any CPU.Build.0 = Debug|Any CPU
		{D74AA3AE-B80E-4DBF-B186-382A5A2E3B12}.Release|Any CPU.ActiveCfg = Release|Any CPU
		{D74AA3AE-B80E-4DBF-B186-382A5A2E3B12}.Release|Any CPU.Build.0 = Release|Any CPU
		{E79284BA-D6EF-4D6D-AC85-11699C852363}.Debug|Any CPU.ActiveCfg = Debug|Any CPU
		{E79284BA-D6EF-4D6D-AC85-11699C852363}.Debug|Any CPU.Build.0 = Debug|Any CPU
		{E79284BA-D6EF-4D6D-AC85-11699C852363}.Release|Any CPU.ActiveCfg = Release|Any CPU
		{E79284BA-D6EF-4D6D-AC85-11699C852363}.Release|Any CPU.Build.0 = Release|Any CPU
		{31EF1955-B32C-4E4D-B918-4D931F62AA44}.Debug|Any CPU.ActiveCfg = Debug|Any CPU
		{31EF1955-B32C-4E4D-B918-4D931F62AA44}.Debug|Any CPU.Build.0 = Debug|Any CPU
		{31EF1955-B32C-4E4D-B918-4D931F62AA44}.Release|Any CPU.ActiveCfg = Release|Any CPU
		{31EF1955-B32C-4E4D-B918-4D931F62AA44}.Release|Any CPU.Build.0 = Release|Any CPU
		{CD23D314-1409-409A-8A14-183D27B47154}.Debug|Any CPU.ActiveCfg = Debug|Any CPU
		{CD23D314-1409-409A-8A14-183D27B47154}.Debug|Any CPU.Build.0 = Debug|Any CPU
		{CD23D314-1409-409A-8A14-183D27B47154}.Release|Any CPU.ActiveCfg = Release|Any CPU
		{CD23D314-1409-409A-8A14-183D27B47154}.Release|Any CPU.Build.0 = Release|Any CPU
		{21A0DEB0-EB0F-451B-977C-4A399075FF92}.Debug|Any CPU.ActiveCfg = Debug|Any CPU
		{21A0DEB0-EB0F-451B-977C-4A399075FF92}.Debug|Any CPU.Build.0 = Debug|Any CPU
		{21A0DEB0-EB0F-451B-977C-4A399075FF92}.Release|Any CPU.ActiveCfg = Release|Any CPU
		{21A0DEB0-EB0F-451B-977C-4A399075FF92}.Release|Any CPU.Build.0 = Release|Any CPU
	EndGlobalSection
	GlobalSection(SolutionProperties) = preSolution
		HideSolutionNode = FALSE
	EndGlobalSection
	GlobalSection(ExtensibilityGlobals) = postSolution
		SolutionGuid = {2362EDD2-888C-4649-8BBF-0C8FE6247881}
	EndGlobalSection
EndGlobal
