
Microsoft Visual Studio Solution File, Format Version 12.00
# Visual Studio 15
VisualStudioVersion = 15.0.27130.0
MinimumVisualStudioVersion = 10.0.40219.1
Project("{FAE04EC0-301F-11D3-BF4B-00C04F79EFBC}") = "Passion-Days", "Passion-Days\Passion-Days.csproj", "{4E6AB83B-BEFE-46C4-B47E-5AEB5F0AA906}"
EndProject
Project("{FAE04EC0-301F-11D3-BF4B-00C04F79EFBC}") = "X-Expression", "X-Expression\X-Expression.csproj", "{3AA0E89D-BF83-40A6-BD6D-1B482CB5F46C}"
EndProject
Project("{FAE04EC0-301F-11D3-BF4B-00C04F79EFBC}") = "Bulls-and-Cows", "Bulls-and-Cows\Bulls-and-Cows.csproj", "{A5BC8AA5-7577-401D-81B2-BE8812A1BA73}"
EndProject
Global
	GlobalSection(SolutionConfigurationPlatforms) = preSolution
		Debug|Any CPU = Debug|Any CPU
		Release|Any CPU = Release|Any CPU
	EndGlobalSection
	GlobalSection(ProjectConfigurationPlatforms) = postSolution
		{4E6AB83B-BEFE-46C4-B47E-5AEB5F0AA906}.Debug|Any CPU.ActiveCfg = Debug|Any CPU
		{4E6AB83B-BEFE-46C4-B47E-5AEB5F0AA906}.Debug|Any CPU.Build.0 = Debug|Any CPU
		{4E6AB83B-BEFE-46C4-B47E-5AEB5F0AA906}.Release|Any CPU.ActiveCfg = Release|Any CPU
		{4E6AB83B-BEFE-46C4-B47E-5AEB5F0AA906}.Release|Any CPU.Build.0 = Release|Any CPU
		{3AA0E89D-BF83-40A6-BD6D-1B482CB5F46C}.Debug|Any CPU.ActiveCfg = Debug|Any CPU
		{3AA0E89D-BF83-40A6-BD6D-1B482CB5F46C}.Debug|Any CPU.Build.0 = Debug|Any CPU
		{3AA0E89D-BF83-40A6-BD6D-1B482CB5F46C}.Release|Any CPU.ActiveCfg = Release|Any CPU
		{3AA0E89D-BF83-40A6-BD6D-1B482CB5F46C}.Release|Any CPU.Build.0 = Release|Any CPU
		{A5BC8AA5-7577-401D-81B2-BE8812A1BA73}.Debug|Any CPU.ActiveCfg = Debug|Any CPU
		{A5BC8AA5-7577-401D-81B2-BE8812A1BA73}.Debug|Any CPU.Build.0 = Debug|Any CPU
		{A5BC8AA5-7577-401D-81B2-BE8812A1BA73}.Release|Any CPU.ActiveCfg = Release|Any CPU
		{A5BC8AA5-7577-401D-81B2-BE8812A1BA73}.Release|Any CPU.Build.0 = Release|Any CPU
	EndGlobalSection
	GlobalSection(SolutionProperties) = preSolution
		HideSolutionNode = FALSE
	EndGlobalSection
	GlobalSection(ExtensibilityGlobals) = postSolution
		SolutionGuid = {82434B5B-2E13-4A4D-97A0-AA39CB88DFB7}
	EndGlobalSection
EndGlobal
