
Microsoft Visual Studio Solution File, Format Version 12.00
# Visual Studio 15
VisualStudioVersion = 15.0.27130.0
MinimumVisualStudioVersion = 10.0.40219.1
Project("{FAE04EC0-301F-11D3-BF4B-00C04F79EFBC}") = "Number-From-One", "Number-From-Ome\Number-From-One.csproj", "{7D40F692-0314-42D0-9DCE-51DAD722B1DA}"
EndProject
Project("{FAE04EC0-301F-11D3-BF4B-00C04F79EFBC}") = "Number-Ending-in-Seven", "Number-Ending-in-Seven\Number-Ending-in-Seven.csproj", "{B11DC2DC-2D4D-436B-8FAD-FFC002378237}"
EndProject
Project("{FAE04EC0-301F-11D3-BF4B-00C04F79EFBC}") = "Latin-Letters", "Latin-Letters\Latin-Letters.csproj", "{9B9A7E7E-B495-408C-ABAC-F72AA73EF9E9}"
EndProject
Project("{FAE04EC0-301F-11D3-BF4B-00C04F79EFBC}") = "Sum-Numbers", "Sum-Numbers\Sum-Numbers.csproj", "{E88D2474-34E6-46CF-9197-714F9A6353F0}"
EndProject
Project("{FAE04EC0-301F-11D3-BF4B-00C04F79EFBC}") = "Max-Number", "Min-Number\Max-Number.csproj", "{1404B230-406A-486D-A197-F6D61B2CA998}"
EndProject
Project("{FAE04EC0-301F-11D3-BF4B-00C04F79EFBC}") = "Min-Number2", "Min-Number2\Min-Number2.csproj", "{1EAAEE7D-6FCB-4558-BBDC-6DFEAE88283D}"
EndProject
Project("{FAE04EC0-301F-11D3-BF4B-00C04F79EFBC}") = "Left-and-Right-Sum", "Left-and-Right-Sum\Left-and-Right-Sum.csproj", "{F5815AE9-400A-40A2-A78C-23A88A5FBD2A}"
EndProject
Project("{FAE04EC0-301F-11D3-BF4B-00C04F79EFBC}") = "Odd-Even-Sum", "Odd-Even-Sum\Odd-Even-Sum.csproj", "{B89C8E62-8D2F-4A26-B7A0-8FDFB97B3D47}"
EndProject
Project("{FAE04EC0-301F-11D3-BF4B-00C04F79EFBC}") = "Vowels-Sum", "Vowels-Sum\Vowels-Sum.csproj", "{84D327EC-40FA-437E-9E38-FD820D57C095}"
EndProject
Project("{FAE04EC0-301F-11D3-BF4B-00C04F79EFBC}") = "Half-Sum-Element", "Half-Sum-Element\Half-Sum-Element.csproj", "{20FEF22D-1C6D-4D49-86EC-198BC44F7E92}"
EndProject
Project("{FAE04EC0-301F-11D3-BF4B-00C04F79EFBC}") = "Odd-Even-Position", "Odd-Even-Position\Odd-Even-Position.csproj", "{F73491C4-22FD-4FA7-8970-BD2234D30A65}"
EndProject
Project("{FAE04EC0-301F-11D3-BF4B-00C04F79EFBC}") = "Equal-Pairs", "Equal-Pairs\Equal-Pairs.csproj", "{9678FF19-C415-49BF-A53A-BC3C56BF0C24}"
EndProject
Project("{FAE04EC0-301F-11D3-BF4B-00C04F79EFBC}") = "Histograma", "Histograma\Histograma.csproj", "{5765F26E-A65E-486A-965A-F3A136FB3363}"
EndProject
Project("{FAE04EC0-301F-11D3-BF4B-00C04F79EFBC}") = "Smart-Lilly", "Smart-Lilly\Smart-Lilly.csproj", "{04E264E3-3EF7-40D5-9052-C3BA945550CA}"
EndProject
Project("{FAE04EC0-301F-11D3-BF4B-00C04F79EFBC}") = "Back-to-the-Past", "Back-to-the-Past\Back-to-the-Past.csproj", "{2981448C-BB7C-4348-93E7-96FD46DBC94E}"
EndProject
Project("{FAE04EC0-301F-11D3-BF4B-00C04F79EFBC}") = "Hospital", "Hospital\Hospital.csproj", "{DF27A68A-5A7A-4860-978E-79BC0714745E}"
EndProject
Project("{FAE04EC0-301F-11D3-BF4B-00C04F79EFBC}") = "Division", "Division\Division.csproj", "{CD8897AC-D8C3-48A6-9887-1491AC83E91F}"
EndProject
Project("{FAE04EC0-301F-11D3-BF4B-00C04F79EFBC}") = "Logistics", "Logistics\Logistics.csproj", "{C8713437-C88E-40A2-B8BB-28A26057903F}"
EndProject
Global
	GlobalSection(SolutionConfigurationPlatforms) = preSolution
		Debug|Any CPU = Debug|Any CPU
		Release|Any CPU = Release|Any CPU
	EndGlobalSection
	GlobalSection(ProjectConfigurationPlatforms) = postSolution
		{7D40F692-0314-42D0-9DCE-51DAD722B1DA}.Debug|Any CPU.ActiveCfg = Debug|Any CPU
		{7D40F692-0314-42D0-9DCE-51DAD722B1DA}.Debug|Any CPU.Build.0 = Debug|Any CPU
		{7D40F692-0314-42D0-9DCE-51DAD722B1DA}.Release|Any CPU.ActiveCfg = Release|Any CPU
		{7D40F692-0314-42D0-9DCE-51DAD722B1DA}.Release|Any CPU.Build.0 = Release|Any CPU
		{B11DC2DC-2D4D-436B-8FAD-FFC002378237}.Debug|Any CPU.ActiveCfg = Debug|Any CPU
		{B11DC2DC-2D4D-436B-8FAD-FFC002378237}.Debug|Any CPU.Build.0 = Debug|Any CPU
		{B11DC2DC-2D4D-436B-8FAD-FFC002378237}.Release|Any CPU.ActiveCfg = Release|Any CPU
		{B11DC2DC-2D4D-436B-8FAD-FFC002378237}.Release|Any CPU.Build.0 = Release|Any CPU
		{9B9A7E7E-B495-408C-ABAC-F72AA73EF9E9}.Debug|Any CPU.ActiveCfg = Debug|Any CPU
		{9B9A7E7E-B495-408C-ABAC-F72AA73EF9E9}.Debug|Any CPU.Build.0 = Debug|Any CPU
		{9B9A7E7E-B495-408C-ABAC-F72AA73EF9E9}.Release|Any CPU.ActiveCfg = Release|Any CPU
		{9B9A7E7E-B495-408C-ABAC-F72AA73EF9E9}.Release|Any CPU.Build.0 = Release|Any CPU
		{E88D2474-34E6-46CF-9197-714F9A6353F0}.Debug|Any CPU.ActiveCfg = Debug|Any CPU
		{E88D2474-34E6-46CF-9197-714F9A6353F0}.Debug|Any CPU.Build.0 = Debug|Any CPU
		{E88D2474-34E6-46CF-9197-714F9A6353F0}.Release|Any CPU.ActiveCfg = Release|Any CPU
		{E88D2474-34E6-46CF-9197-714F9A6353F0}.Release|Any CPU.Build.0 = Release|Any CPU
		{1404B230-406A-486D-A197-F6D61B2CA998}.Debug|Any CPU.ActiveCfg = Debug|Any CPU
		{1404B230-406A-486D-A197-F6D61B2CA998}.Debug|Any CPU.Build.0 = Debug|Any CPU
		{1404B230-406A-486D-A197-F6D61B2CA998}.Release|Any CPU.ActiveCfg = Release|Any CPU
		{1404B230-406A-486D-A197-F6D61B2CA998}.Release|Any CPU.Build.0 = Release|Any CPU
		{1EAAEE7D-6FCB-4558-BBDC-6DFEAE88283D}.Debug|Any CPU.ActiveCfg = Debug|Any CPU
		{1EAAEE7D-6FCB-4558-BBDC-6DFEAE88283D}.Debug|Any CPU.Build.0 = Debug|Any CPU
		{1EAAEE7D-6FCB-4558-BBDC-6DFEAE88283D}.Release|Any CPU.ActiveCfg = Release|Any CPU
		{1EAAEE7D-6FCB-4558-BBDC-6DFEAE88283D}.Release|Any CPU.Build.0 = Release|Any CPU
		{F5815AE9-400A-40A2-A78C-23A88A5FBD2A}.Debug|Any CPU.ActiveCfg = Debug|Any CPU
		{F5815AE9-400A-40A2-A78C-23A88A5FBD2A}.Debug|Any CPU.Build.0 = Debug|Any CPU
		{F5815AE9-400A-40A2-A78C-23A88A5FBD2A}.Release|Any CPU.ActiveCfg = Release|Any CPU
		{F5815AE9-400A-40A2-A78C-23A88A5FBD2A}.Release|Any CPU.Build.0 = Release|Any CPU
		{B89C8E62-8D2F-4A26-B7A0-8FDFB97B3D47}.Debug|Any CPU.ActiveCfg = Debug|Any CPU
		{B89C8E62-8D2F-4A26-B7A0-8FDFB97B3D47}.Debug|Any CPU.Build.0 = Debug|Any CPU
		{B89C8E62-8D2F-4A26-B7A0-8FDFB97B3D47}.Release|Any CPU.ActiveCfg = Release|Any CPU
		{B89C8E62-8D2F-4A26-B7A0-8FDFB97B3D47}.Release|Any CPU.Build.0 = Release|Any CPU
		{84D327EC-40FA-437E-9E38-FD820D57C095}.Debug|Any CPU.ActiveCfg = Debug|Any CPU
		{84D327EC-40FA-437E-9E38-FD820D57C095}.Debug|Any CPU.Build.0 = Debug|Any CPU
		{84D327EC-40FA-437E-9E38-FD820D57C095}.Release|Any CPU.ActiveCfg = Release|Any CPU
		{84D327EC-40FA-437E-9E38-FD820D57C095}.Release|Any CPU.Build.0 = Release|Any CPU
		{20FEF22D-1C6D-4D49-86EC-198BC44F7E92}.Debug|Any CPU.ActiveCfg = Debug|Any CPU
		{20FEF22D-1C6D-4D49-86EC-198BC44F7E92}.Debug|Any CPU.Build.0 = Debug|Any CPU
		{20FEF22D-1C6D-4D49-86EC-198BC44F7E92}.Release|Any CPU.ActiveCfg = Release|Any CPU
		{20FEF22D-1C6D-4D49-86EC-198BC44F7E92}.Release|Any CPU.Build.0 = Release|Any CPU
		{F73491C4-22FD-4FA7-8970-BD2234D30A65}.Debug|Any CPU.ActiveCfg = Debug|Any CPU
		{F73491C4-22FD-4FA7-8970-BD2234D30A65}.Debug|Any CPU.Build.0 = Debug|Any CPU
		{F73491C4-22FD-4FA7-8970-BD2234D30A65}.Release|Any CPU.ActiveCfg = Release|Any CPU
		{F73491C4-22FD-4FA7-8970-BD2234D30A65}.Release|Any CPU.Build.0 = Release|Any CPU
		{9678FF19-C415-49BF-A53A-BC3C56BF0C24}.Debug|Any CPU.ActiveCfg = Debug|Any CPU
		{9678FF19-C415-49BF-A53A-BC3C56BF0C24}.Debug|Any CPU.Build.0 = Debug|Any CPU
		{9678FF19-C415-49BF-A53A-BC3C56BF0C24}.Release|Any CPU.ActiveCfg = Release|Any CPU
		{9678FF19-C415-49BF-A53A-BC3C56BF0C24}.Release|Any CPU.Build.0 = Release|Any CPU
		{5765F26E-A65E-486A-965A-F3A136FB3363}.Debug|Any CPU.ActiveCfg = Debug|Any CPU
		{5765F26E-A65E-486A-965A-F3A136FB3363}.Debug|Any CPU.Build.0 = Debug|Any CPU
		{5765F26E-A65E-486A-965A-F3A136FB3363}.Release|Any CPU.ActiveCfg = Release|Any CPU
		{5765F26E-A65E-486A-965A-F3A136FB3363}.Release|Any CPU.Build.0 = Release|Any CPU
		{04E264E3-3EF7-40D5-9052-C3BA945550CA}.Debug|Any CPU.ActiveCfg = Debug|Any CPU
		{04E264E3-3EF7-40D5-9052-C3BA945550CA}.Debug|Any CPU.Build.0 = Debug|Any CPU
		{04E264E3-3EF7-40D5-9052-C3BA945550CA}.Release|Any CPU.ActiveCfg = Release|Any CPU
		{04E264E3-3EF7-40D5-9052-C3BA945550CA}.Release|Any CPU.Build.0 = Release|Any CPU
		{2981448C-BB7C-4348-93E7-96FD46DBC94E}.Debug|Any CPU.ActiveCfg = Debug|Any CPU
		{2981448C-BB7C-4348-93E7-96FD46DBC94E}.Debug|Any CPU.Build.0 = Debug|Any CPU
		{2981448C-BB7C-4348-93E7-96FD46DBC94E}.Release|Any CPU.ActiveCfg = Release|Any CPU
		{2981448C-BB7C-4348-93E7-96FD46DBC94E}.Release|Any CPU.Build.0 = Release|Any CPU
		{DF27A68A-5A7A-4860-978E-79BC0714745E}.Debug|Any CPU.ActiveCfg = Debug|Any CPU
		{DF27A68A-5A7A-4860-978E-79BC0714745E}.Debug|Any CPU.Build.0 = Debug|Any CPU
		{DF27A68A-5A7A-4860-978E-79BC0714745E}.Release|Any CPU.ActiveCfg = Release|Any CPU
		{DF27A68A-5A7A-4860-978E-79BC0714745E}.Release|Any CPU.Build.0 = Release|Any CPU
		{CD8897AC-D8C3-48A6-9887-1491AC83E91F}.Debug|Any CPU.ActiveCfg = Debug|Any CPU
		{CD8897AC-D8C3-48A6-9887-1491AC83E91F}.Debug|Any CPU.Build.0 = Debug|Any CPU
		{CD8897AC-D8C3-48A6-9887-1491AC83E91F}.Release|Any CPU.ActiveCfg = Release|Any CPU
		{CD8897AC-D8C3-48A6-9887-1491AC83E91F}.Release|Any CPU.Build.0 = Release|Any CPU
		{C8713437-C88E-40A2-B8BB-28A26057903F}.Debug|Any CPU.ActiveCfg = Debug|Any CPU
		{C8713437-C88E-40A2-B8BB-28A26057903F}.Debug|Any CPU.Build.0 = Debug|Any CPU
		{C8713437-C88E-40A2-B8BB-28A26057903F}.Release|Any CPU.ActiveCfg = Release|Any CPU
		{C8713437-C88E-40A2-B8BB-28A26057903F}.Release|Any CPU.Build.0 = Release|Any CPU
	EndGlobalSection
	GlobalSection(SolutionProperties) = preSolution
		HideSolutionNode = FALSE
	EndGlobalSection
	GlobalSection(ExtensibilityGlobals) = postSolution
		SolutionGuid = {71B2D7D0-7126-457C-B63C-9285FC0717B3}
	EndGlobalSection
EndGlobal
